
Microsoft Visual Studio Solution File, Format Version 12.00
# Visual Studio Version 16
VisualStudioVersion = 16.0.31005.135
MinimumVisualStudioVersion = 10.0.40219.1
Project("{8BC9CEB8-8B4A-11D0-8D11-00A0C91BC942}") = "dpProxy", "dpProxy\dpProxy.vcxproj", "{DD16E616-4EAE-42D1-8133-C00886BF162D}"
EndProject
Global
	GlobalSection(SolutionConfigurationPlatforms) = preSolution
		Debug|x64 = Debug|x64
		Debug|x86 = Debug|x86
		Release|x64 = Release|x64
		Release|x86 = Release|x86
	EndGlobalSection
	GlobalSection(ProjectConfigurationPlatforms) = postSolution
		{DD16E616-4EAE-42D1-8133-C00886BF162D}.Debug|x64.ActiveCfg = Debug|x64
		{DD16E616-4EAE-42D1-8133-C00886BF162D}.Debug|x64.Build.0 = Debug|x64
		{DD16E616-4EAE-42D1-8133-C00886BF162D}.Debug|x86.ActiveCfg = Debug|Win32
		{DD16E616-4EAE-42D1-8133-C00886BF162D}.Debug|x86.Build.0 = Debug|Win32
		{DD16E616-4EAE-42D1-8133-C00886BF162D}.Release|x64.ActiveCfg = Release|x64
		{DD16E616-4EAE-42D1-8133-C00886BF162D}.Release|x64.Build.0 = Release|x64
		{DD16E616-4EAE-42D1-8133-C00886BF162D}.Release|x86.ActiveCfg = Release|Win32
		{DD16E616-4EAE-42D1-8133-C00886BF162D}.Release|x86.Build.0 = Release|Win32
	EndGlobalSection
	GlobalSection(SolutionProperties) = preSolution
		HideSolutionNode = FALSE
	EndGlobalSection
	GlobalSection(ExtensibilityGlobals) = postSolution
		SolutionGuid = {0F7E4301-19E8-46DE-8E41-A8E467AD90F7}
	EndGlobalSection
EndGlobal
